
Microsoft Visual Studio Solution File, Format Version 12.00
# Visual Studio 14
VisualStudioVersion = 14.0.25123.0
MinimumVisualStudioVersion = 10.0.40219.1
Project("{FAE04EC0-301F-11D3-BF4B-00C04F79EFBC}") = "WcfIPCTestClient", "WcfIPCTestClient\WcfIPCTestClient.csproj", "{9523A983-F65E-4F03-9860-8FF58CAEA5E9}"
EndProject
Project("{FAE04EC0-301F-11D3-BF4B-00C04F79EFBC}") = "WcfIPCTestServer", "WcfIPCTestServer\WcfIPCTestServer.csproj", "{602D7414-E796-4501-8A1D-A53AB6725A9B}"
EndProject
Global
	GlobalSection(SolutionConfigurationPlatforms) = preSolution
		Debug|Any CPU = Debug|Any CPU
		Release|Any CPU = Release|Any CPU
	EndGlobalSection
	GlobalSection(ProjectConfigurationPlatforms) = postSolution
		{9523A983-F65E-4F03-9860-8FF58CAEA5E9}.Debug|Any CPU.ActiveCfg = Debug|Any CPU
		{9523A983-F65E-4F03-9860-8FF58CAEA5E9}.Debug|Any CPU.Build.0 = Debug|Any CPU
		{9523A983-F65E-4F03-9860-8FF58CAEA5E9}.Release|Any CPU.ActiveCfg = Release|Any CPU
		{9523A983-F65E-4F03-9860-8FF58CAEA5E9}.Release|Any CPU.Build.0 = Release|Any CPU
		{602D7414-E796-4501-8A1D-A53AB6725A9B}.Debug|Any CPU.ActiveCfg = Debug|Any CPU
		{602D7414-E796-4501-8A1D-A53AB6725A9B}.Debug|Any CPU.Build.0 = Debug|Any CPU
		{602D7414-E796-4501-8A1D-A53AB6725A9B}.Release|Any CPU.ActiveCfg = Release|Any CPU
		{602D7414-E796-4501-8A1D-A53AB6725A9B}.Release|Any CPU.Build.0 = Release|Any CPU
	EndGlobalSection
	GlobalSection(SolutionProperties) = preSolution
		HideSolutionNode = FALSE
	EndGlobalSection
EndGlobal
